
Microsoft Visual Studio Solution File, Format Version 12.00
# Visual Studio 14
VisualStudioVersion = 14.0.25420.1
MinimumVisualStudioVersion = 10.0.40219.1
Project("{FAE04EC0-301F-11D3-BF4B-00C04F79EFBC}") = "CampeonatoFilme.Dominio", "CampeonatoFilme.Dominio\CampeonatoFilme.Dominio.csproj", "{E6153911-8E06-463D-A500-B18479277A00}"
EndProject
Project("{FAE04EC0-301F-11D3-BF4B-00C04F79EFBC}") = "CampeonatoFilme.Infra", "CampeonatoFilme.Infra\CampeonatoFilme.Infra.csproj", "{BD8EE9BB-9707-4FB6-BB68-F5D12B1105B9}"
EndProject
Project("{FAE04EC0-301F-11D3-BF4B-00C04F79EFBC}") = "CampeonatoFilme.Web", "CampeonatoFilme.Web\CampeonatoFilme.Web.csproj", "{EE902FA4-1B55-4B0E-A6DE-1C662759DDC8}"
EndProject
Global
	GlobalSection(SolutionConfigurationPlatforms) = preSolution
		Debug|Any CPU = Debug|Any CPU
		Release|Any CPU = Release|Any CPU
	EndGlobalSection
	GlobalSection(ProjectConfigurationPlatforms) = postSolution
		{E6153911-8E06-463D-A500-B18479277A00}.Debug|Any CPU.ActiveCfg = Debug|Any CPU
		{E6153911-8E06-463D-A500-B18479277A00}.Debug|Any CPU.Build.0 = Debug|Any CPU
		{E6153911-8E06-463D-A500-B18479277A00}.Release|Any CPU.ActiveCfg = Release|Any CPU
		{E6153911-8E06-463D-A500-B18479277A00}.Release|Any CPU.Build.0 = Release|Any CPU
		{BD8EE9BB-9707-4FB6-BB68-F5D12B1105B9}.Debug|Any CPU.ActiveCfg = Debug|Any CPU
		{BD8EE9BB-9707-4FB6-BB68-F5D12B1105B9}.Debug|Any CPU.Build.0 = Debug|Any CPU
		{BD8EE9BB-9707-4FB6-BB68-F5D12B1105B9}.Release|Any CPU.ActiveCfg = Release|Any CPU
		{BD8EE9BB-9707-4FB6-BB68-F5D12B1105B9}.Release|Any CPU.Build.0 = Release|Any CPU
		{EE902FA4-1B55-4B0E-A6DE-1C662759DDC8}.Debug|Any CPU.ActiveCfg = Debug|Any CPU
		{EE902FA4-1B55-4B0E-A6DE-1C662759DDC8}.Debug|Any CPU.Build.0 = Debug|Any CPU
		{EE902FA4-1B55-4B0E-A6DE-1C662759DDC8}.Release|Any CPU.ActiveCfg = Release|Any CPU
		{EE902FA4-1B55-4B0E-A6DE-1C662759DDC8}.Release|Any CPU.Build.0 = Release|Any CPU
	EndGlobalSection
	GlobalSection(SolutionProperties) = preSolution
		HideSolutionNode = FALSE
	EndGlobalSection
EndGlobal
